
Microsoft Visual Studio Solution File, Format Version 12.00
# Visual Studio Version 17
VisualStudioVersion = 17.5.33530.505
MinimumVisualStudioVersion = 10.0.40219.1
Project("{9A19103F-16F7-4668-BE54-9A1E7A4F7556}") = "DesignPatterns.SingletonPattern", "DesignPatterns.SingletonPattern\DesignPatterns.SingletonPattern.csproj", "{0247BA9A-4263-44EF-83A0-5F9AD5BB885F}"
EndProject
Project("{FAE04EC0-301F-11D3-BF4B-00C04F79EFBC}") = "DesignPatterns.BuilderPattern", "DesignPatterns.BuilderPattern\DesignPatterns.BuilderPattern.csproj", "{704B4294-4686-423F-B7D8-FBE5125D4D3B}"
EndProject
Global
	GlobalSection(SolutionConfigurationPlatforms) = preSolution
		Debug|Any CPU = Debug|Any CPU
		Release|Any CPU = Release|Any CPU
	EndGlobalSection
	GlobalSection(ProjectConfigurationPlatforms) = postSolution
		{0247BA9A-4263-44EF-83A0-5F9AD5BB885F}.Debug|Any CPU.ActiveCfg = Debug|Any CPU
		{0247BA9A-4263-44EF-83A0-5F9AD5BB885F}.Debug|Any CPU.Build.0 = Debug|Any CPU
		{0247BA9A-4263-44EF-83A0-5F9AD5BB885F}.Release|Any CPU.ActiveCfg = Release|Any CPU
		{0247BA9A-4263-44EF-83A0-5F9AD5BB885F}.Release|Any CPU.Build.0 = Release|Any CPU
		{704B4294-4686-423F-B7D8-FBE5125D4D3B}.Debug|Any CPU.ActiveCfg = Debug|Any CPU
		{704B4294-4686-423F-B7D8-FBE5125D4D3B}.Debug|Any CPU.Build.0 = Debug|Any CPU
		{704B4294-4686-423F-B7D8-FBE5125D4D3B}.Release|Any CPU.ActiveCfg = Release|Any CPU
		{704B4294-4686-423F-B7D8-FBE5125D4D3B}.Release|Any CPU.Build.0 = Release|Any CPU
	EndGlobalSection
	GlobalSection(SolutionProperties) = preSolution
		HideSolutionNode = FALSE
	EndGlobalSection
	GlobalSection(ExtensibilityGlobals) = postSolution
		SolutionGuid = {FEA9CD66-C5C5-42F0-A8F9-D3F7E312E861}
	EndGlobalSection
EndGlobal
